// !$*UTF8*$!
{
	archiveVersion = 1;
	classes = {
	};
	objectVersion = 56;
	objects = {

/* Begin PBXBuildFile section */
		AE037ABF2BA1FD610067ED49 /* Kingfisher in Frameworks */ = {isa = PBXBuildFile; productRef = AE037ABE2BA1FD610067ED49 /* Kingfisher */; };
		AE037AC12BA2E41D0067ED49 /* RealmService.swift in Sources */ = {isa = PBXBuildFile; fileRef = AE037AC02BA2E41D0067ED49 /* RealmService.swift */; };
		AE037AC52BA31B620067ED49 /* KingfisherService.swift in Sources */ = {isa = PBXBuildFile; fileRef = AE037AC42BA31B620067ED49 /* KingfisherService.swift */; };
		AE5CD99F2BA0725A00968F97 /* AppDelegate.swift in Sources */ = {isa = PBXBuildFile; fileRef = AE5CD99E2BA0725A00968F97 /* AppDelegate.swift */; };
		AE5CD9A12BA0725A00968F97 /* SceneDelegate.swift in Sources */ = {isa = PBXBuildFile; fileRef = AE5CD9A02BA0725A00968F97 /* SceneDelegate.swift */; };
		AE5CD9A32BA0725A00968F97 /* MainNewsVC.swift in Sources */ = {isa = PBXBuildFile; fileRef = AE5CD9A22BA0725A00968F97 /* MainNewsVC.swift */; };
		AE5CD9A82BA0725B00968F97 /* Assets.xcassets in Resources */ = {isa = PBXBuildFile; fileRef = AE5CD9A72BA0725B00968F97 /* Assets.xcassets */; };
		AE5CD9AB2BA0725B00968F97 /* Base in Resources */ = {isa = PBXBuildFile; fileRef = AE5CD9AA2BA0725B00968F97 /* Base */; };
		AE5CD9B42BA07E5400968F97 /* ModuleBuilder.swift in Sources */ = {isa = PBXBuildFile; fileRef = AE5CD9B32BA07E5400968F97 /* ModuleBuilder.swift */; };
		AE5CD9B62BA07ED700968F97 /* Router.swift in Sources */ = {isa = PBXBuildFile; fileRef = AE5CD9B52BA07ED700968F97 /* Router.swift */; };
		AE5CD9BB2BA07FD300968F97 /* MainNewsPresenter.swift in Sources */ = {isa = PBXBuildFile; fileRef = AE5CD9BA2BA07FD300968F97 /* MainNewsPresenter.swift */; };
		AE5CD9BE2BA07FF400968F97 /* MainNewsRouter.swift in Sources */ = {isa = PBXBuildFile; fileRef = AE5CD9BD2BA07FF400968F97 /* MainNewsRouter.swift */; };
		AE5CD9C12BA0896D00968F97 /* NewsCell.swift in Sources */ = {isa = PBXBuildFile; fileRef = AE5CD9C02BA0896D00968F97 /* NewsCell.swift */; };
		AE5CD9C52BA08B6E00968F97 /* SnapKit in Frameworks */ = {isa = PBXBuildFile; productRef = AE5CD9C42BA08B6E00968F97 /* SnapKit */; };
		AE5CD9C72BA08B6E00968F97 /* SnapKit-Dynamic in Frameworks */ = {isa = PBXBuildFile; productRef = AE5CD9C62BA08B6E00968F97 /* SnapKit-Dynamic */; };
		AE5CD9C92BA0961200968F97 /* FullNewsVC.swift in Sources */ = {isa = PBXBuildFile; fileRef = AE5CD9C82BA0961200968F97 /* FullNewsVC.swift */; };
		AE5CD9CC2BA0989800968F97 /* FavoriteNewsVC.swift in Sources */ = {isa = PBXBuildFile; fileRef = AE5CD9CB2BA0989800968F97 /* FavoriteNewsVC.swift */; };
		AE5CD9D02BA0990000968F97 /* FavoriteNewsPresenter.swift in Sources */ = {isa = PBXBuildFile; fileRef = AE5CD9CF2BA0990000968F97 /* FavoriteNewsPresenter.swift */; };
		AE5CD9D22BA0990C00968F97 /* FavoriteNewsRouter.swift in Sources */ = {isa = PBXBuildFile; fileRef = AE5CD9D12BA0990C00968F97 /* FavoriteNewsRouter.swift */; };
		AE5CD9D62BA09BA200968F97 /* CustomTabBarController.swift in Sources */ = {isa = PBXBuildFile; fileRef = AE5CD9D52BA09BA200968F97 /* CustomTabBarController.swift */; };
		AE5CD9D92BA09CAE00968F97 /* FullNewsPresenter.swift in Sources */ = {isa = PBXBuildFile; fileRef = AE5CD9D82BA09CAE00968F97 /* FullNewsPresenter.swift */; };
		AE5CD9DB2BA09CC000968F97 /* FullNewsRouter.swift in Sources */ = {isa = PBXBuildFile; fileRef = AE5CD9DA2BA09CC000968F97 /* FullNewsRouter.swift */; };
		AE5CD9E02BA0A1F500968F97 /* Alamofire in Frameworks */ = {isa = PBXBuildFile; productRef = AE5CD9DF2BA0A1F500968F97 /* Alamofire */; };
		AE5CD9E22BA0A1F500968F97 /* AlamofireDynamic in Frameworks */ = {isa = PBXBuildFile; productRef = AE5CD9E12BA0A1F500968F97 /* AlamofireDynamic */; };
		AE5CD9E42BA0A21700968F97 /* AlamofireService.swift in Sources */ = {isa = PBXBuildFile; fileRef = AE5CD9E32BA0A21700968F97 /* AlamofireService.swift */; };
		AE5CD9E92BA0A27900968F97 /* NewsModel.swift in Sources */ = {isa = PBXBuildFile; fileRef = AE5CD9E82BA0A27900968F97 /* NewsModel.swift */; };
		AE5CD9F02BA0A43700968F97 /* Realm in Frameworks */ = {isa = PBXBuildFile; productRef = AE5CD9EF2BA0A43700968F97 /* Realm */; };
		AE5CD9F22BA0A43700968F97 /* RealmSwift in Frameworks */ = {isa = PBXBuildFile; productRef = AE5CD9F12BA0A43700968F97 /* RealmSwift */; };
/* End PBXBuildFile section */

/* Begin PBXFileReference section */
		AE037AC02BA2E41D0067ED49 /* RealmService.swift */ = {isa = PBXFileReference; lastKnownFileType = sourcecode.swift; path = RealmService.swift; sourceTree = "<group>"; };
		AE037AC42BA31B620067ED49 /* KingfisherService.swift */ = {isa = PBXFileReference; lastKnownFileType = sourcecode.swift; path = KingfisherService.swift; sourceTree = "<group>"; };
		AE5CD99B2BA0725A00968F97 /* TestTaskInlyIT.app */ = {isa = PBXFileReference; explicitFileType = wrapper.application; includeInIndex = 0; path = TestTaskInlyIT.app; sourceTree = BUILT_PRODUCTS_DIR; };
		AE5CD99E2BA0725A00968F97 /* AppDelegate.swift */ = {isa = PBXFileReference; lastKnownFileType = sourcecode.swift; path = AppDelegate.swift; sourceTree = "<group>"; };
		AE5CD9A02BA0725A00968F97 /* SceneDelegate.swift */ = {isa = PBXFileReference; lastKnownFileType = sourcecode.swift; path = SceneDelegate.swift; sourceTree = "<group>"; };
		AE5CD9A22BA0725A00968F97 /* MainNewsVC.swift */ = {isa = PBXFileReference; lastKnownFileType = sourcecode.swift; path = MainNewsVC.swift; sourceTree = "<group>"; };
		AE5CD9A72BA0725B00968F97 /* Assets.xcassets */ = {isa = PBXFileReference; lastKnownFileType = folder.assetcatalog; path = Assets.xcassets; sourceTree = "<group>"; };
		AE5CD9AA2BA0725B00968F97 /* Base */ = {isa = PBXFileReference; lastKnownFileType = file.storyboard; name = Base; path = Base.lproj/LaunchScreen.storyboard; sourceTree = "<group>"; };
		AE5CD9AC2BA0725B00968F97 /* Info.plist */ = {isa = PBXFileReference; lastKnownFileType = text.plist.xml; path = Info.plist; sourceTree = "<group>"; };
		AE5CD9B32BA07E5400968F97 /* ModuleBuilder.swift */ = {isa = PBXFileReference; lastKnownFileType = sourcecode.swift; path = ModuleBuilder.swift; sourceTree = "<group>"; };
		AE5CD9B52BA07ED700968F97 /* Router.swift */ = {isa = PBXFileReference; lastKnownFileType = sourcecode.swift; path = Router.swift; sourceTree = "<group>"; };
		AE5CD9BA2BA07FD300968F97 /* MainNewsPresenter.swift */ = {isa = PBXFileReference; lastKnownFileType = sourcecode.swift; path = MainNewsPresenter.swift; sourceTree = "<group>"; };
		AE5CD9BD2BA07FF400968F97 /* MainNewsRouter.swift */ = {isa = PBXFileReference; lastKnownFileType = sourcecode.swift; path = MainNewsRouter.swift; sourceTree = "<group>"; };
		AE5CD9C02BA0896D00968F97 /* NewsCell.swift */ = {isa = PBXFileReference; lastKnownFileType = sourcecode.swift; path = NewsCell.swift; sourceTree = "<group>"; };
		AE5CD9C82BA0961200968F97 /* FullNewsVC.swift */ = {isa = PBXFileReference; lastKnownFileType = sourcecode.swift; path = FullNewsVC.swift; sourceTree = "<group>"; };
		AE5CD9CB2BA0989800968F97 /* FavoriteNewsVC.swift */ = {isa = PBXFileReference; lastKnownFileType = sourcecode.swift; path = FavoriteNewsVC.swift; sourceTree = "<group>"; };
		AE5CD9CF2BA0990000968F97 /* FavoriteNewsPresenter.swift */ = {isa = PBXFileReference; lastKnownFileType = sourcecode.swift; path = FavoriteNewsPresenter.swift; sourceTree = "<group>"; };
		AE5CD9D12BA0990C00968F97 /* FavoriteNewsRouter.swift */ = {isa = PBXFileReference; lastKnownFileType = sourcecode.swift; path = FavoriteNewsRouter.swift; sourceTree = "<group>"; };
		AE5CD9D52BA09BA200968F97 /* CustomTabBarController.swift */ = {isa = PBXFileReference; lastKnownFileType = sourcecode.swift; path = CustomTabBarController.swift; sourceTree = "<group>"; };
		AE5CD9D82BA09CAE00968F97 /* FullNewsPresenter.swift */ = {isa = PBXFileReference; lastKnownFileType = sourcecode.swift; path = FullNewsPresenter.swift; sourceTree = "<group>"; };
		AE5CD9DA2BA09CC000968F97 /* FullNewsRouter.swift */ = {isa = PBXFileReference; lastKnownFileType = sourcecode.swift; path = FullNewsRouter.swift; sourceTree = "<group>"; };
		AE5CD9E32BA0A21700968F97 /* AlamofireService.swift */ = {isa = PBXFileReference; lastKnownFileType = sourcecode.swift; path = AlamofireService.swift; sourceTree = "<group>"; };
		AE5CD9E82BA0A27900968F97 /* NewsModel.swift */ = {isa = PBXFileReference; lastKnownFileType = sourcecode.swift; path = NewsModel.swift; sourceTree = "<group>"; };
/* End PBXFileReference section */

/* Begin PBXFrameworksBuildPhase section */
		AE5CD9982BA0725A00968F97 /* Frameworks */ = {
			isa = PBXFrameworksBuildPhase;
			buildActionMask = 2147483647;
			files = (
				AE5CD9F22BA0A43700968F97 /* RealmSwift in Frameworks */,
				AE5CD9E02BA0A1F500968F97 /* Alamofire in Frameworks */,
				AE037ABF2BA1FD610067ED49 /* Kingfisher in Frameworks */,
				AE5CD9E22BA0A1F500968F97 /* AlamofireDynamic in Frameworks */,
				AE5CD9C52BA08B6E00968F97 /* SnapKit in Frameworks */,
				AE5CD9C72BA08B6E00968F97 /* SnapKit-Dynamic in Frameworks */,
				AE5CD9F02BA0A43700968F97 /* Realm in Frameworks */,
			);
			runOnlyForDeploymentPostprocessing = 0;
		};
/* End PBXFrameworksBuildPhase section */

/* Begin PBXGroup section */
		AE037AC22BA315BE0067ED49 /* RealmService */ = {
			isa = PBXGroup;
			children = (
				AE037AC02BA2E41D0067ED49 /* RealmService.swift */,
			);
			path = RealmService;
			sourceTree = "<group>";
		};
		AE037AC32BA315E00067ED49 /* Service */ = {
			isa = PBXGroup;
			children = (
				AE5CD9E72BA0A24800968F97 /* AlamofireService */,
				AE037AC22BA315BE0067ED49 /* RealmService */,
				AE037AC62BA31D740067ED49 /* KingfisherService */,
			);
			path = Service;
			sourceTree = "<group>";
		};
		AE037AC62BA31D740067ED49 /* KingfisherService */ = {
			isa = PBXGroup;
			children = (
				AE037AC42BA31B620067ED49 /* KingfisherService.swift */,
			);
			path = KingfisherService;
			sourceTree = "<group>";
		};
		AE5CD9922BA0725A00968F97 = {
			isa = PBXGroup;
			children = (
				AE5CD99D2BA0725A00968F97 /* TestTaskInlyIT */,
				AE5CD99C2BA0725A00968F97 /* Products */,
			);
			sourceTree = "<group>";
		};
		AE5CD99C2BA0725A00968F97 /* Products */ = {
			isa = PBXGroup;
			children = (
				AE5CD99B2BA0725A00968F97 /* TestTaskInlyIT.app */,
			);
			name = Products;
			sourceTree = "<group>";
		};
		AE5CD99D2BA0725A00968F97 /* TestTaskInlyIT */ = {
			isa = PBXGroup;
			children = (
				AE037AC32BA315E00067ED49 /* Service */,
				AE5CD9B52BA07ED700968F97 /* Router.swift */,
				AE5CD9B32BA07E5400968F97 /* ModuleBuilder.swift */,
				AE5CD9D52BA09BA200968F97 /* CustomTabBarController.swift */,
				AE5CD9EA2BA0A27E00968F97 /* Models */,
				AE5CD9B22BA07C8D00968F97 /* Delegate */,
				AE5CD9B72BA07F9B00968F97 /* Modules */,
				AE5CD9A72BA0725B00968F97 /* Assets.xcassets */,
				AE5CD9A92BA0725B00968F97 /* LaunchScreen.storyboard */,
				AE5CD9AC2BA0725B00968F97 /* Info.plist */,
			);
			path = TestTaskInlyIT;
			sourceTree = "<group>";
		};
		AE5CD9B22BA07C8D00968F97 /* Delegate */ = {
			isa = PBXGroup;
			children = (
				AE5CD99E2BA0725A00968F97 /* AppDelegate.swift */,
				AE5CD9A02BA0725A00968F97 /* SceneDelegate.swift */,
			);
			path = Delegate;
			sourceTree = "<group>";
		};
		AE5CD9B72BA07F9B00968F97 /* Modules */ = {
			isa = PBXGroup;
			children = (
				AE5CD9B82BA07FA300968F97 /* MainNews */,
				AE5CD9CA2BA0984C00968F97 /* FullNews */,
				AE5CD9CD2BA0989C00968F97 /* FavoriteNews */,
			);
			path = Modules;
			sourceTree = "<group>";
		};
		AE5CD9B82BA07FA300968F97 /* MainNews */ = {
			isa = PBXGroup;
			children = (
				AE5CD9B92BA07FB600968F97 /* View */,
				AE5CD9BC2BA07FD900968F97 /* Presenter */,
				AE5CD9BF2BA07FFA00968F97 /* Router */,
				AE5CD9C22BA0897B00968F97 /* Cell */,
			);
			path = MainNews;
			sourceTree = "<group>";
		};
		AE5CD9B92BA07FB600968F97 /* View */ = {
			isa = PBXGroup;
			children = (
				AE5CD9A22BA0725A00968F97 /* MainNewsVC.swift */,
			);
			path = View;
			sourceTree = "<group>";
		};
		AE5CD9BC2BA07FD900968F97 /* Presenter */ = {
			isa = PBXGroup;
			children = (
				AE5CD9BA2BA07FD300968F97 /* MainNewsPresenter.swift */,
			);
			path = Presenter;
			sourceTree = "<group>";
		};
		AE5CD9BF2BA07FFA00968F97 /* Router */ = {
			isa = PBXGroup;
			children = (
				AE5CD9BD2BA07FF400968F97 /* MainNewsRouter.swift */,
			);
			path = Router;
			sourceTree = "<group>";
		};
		AE5CD9C22BA0897B00968F97 /* Cell */ = {
			isa = PBXGroup;
			children = (
				AE5CD9C02BA0896D00968F97 /* NewsCell.swift */,
			);
			path = Cell;
			sourceTree = "<group>";
		};
		AE5CD9CA2BA0984C00968F97 /* FullNews */ = {
			isa = PBXGroup;
			children = (
				AE5CD9D72BA09C9900968F97 /* View */,
				AE5CD9DC2BA09D6700968F97 /* Presenter */,
				AE5CD9DD2BA09D7200968F97 /* Router */,
			);
			path = FullNews;
			sourceTree = "<group>";
		};
		AE5CD9CD2BA0989C00968F97 /* FavoriteNews */ = {
			isa = PBXGroup;
			children = (
				AE5CD9CE2BA098AA00968F97 /* View */,
				AE5CD9D32BA0991500968F97 /* Presenter */,
				AE5CD9D42BA0992000968F97 /* Router */,
			);
			path = FavoriteNews;
			sourceTree = "<group>";
		};
		AE5CD9CE2BA098AA00968F97 /* View */ = {
			isa = PBXGroup;
			children = (
				AE5CD9CB2BA0989800968F97 /* FavoriteNewsVC.swift */,
			);
			path = View;
			sourceTree = "<group>";
		};
		AE5CD9D32BA0991500968F97 /* Presenter */ = {
			isa = PBXGroup;
			children = (
				AE5CD9CF2BA0990000968F97 /* FavoriteNewsPresenter.swift */,
			);
			path = Presenter;
			sourceTree = "<group>";
		};
		AE5CD9D42BA0992000968F97 /* Router */ = {
			isa = PBXGroup;
			children = (
				AE5CD9D12BA0990C00968F97 /* FavoriteNewsRouter.swift */,
			);
			path = Router;
			sourceTree = "<group>";
		};
		AE5CD9D72BA09C9900968F97 /* View */ = {
			isa = PBXGroup;
			children = (
				AE5CD9C82BA0961200968F97 /* FullNewsVC.swift */,
			);
			path = View;
			sourceTree = "<group>";
		};
		AE5CD9DC2BA09D6700968F97 /* Presenter */ = {
			isa = PBXGroup;
			children = (
				AE5CD9D82BA09CAE00968F97 /* FullNewsPresenter.swift */,
			);
			path = Presenter;
			sourceTree = "<group>";
		};
		AE5CD9DD2BA09D7200968F97 /* Router */ = {
			isa = PBXGroup;
			children = (
				AE5CD9DA2BA09CC000968F97 /* FullNewsRouter.swift */,
			);
			path = Router;
			sourceTree = "<group>";
		};
		AE5CD9E72BA0A24800968F97 /* AlamofireService */ = {
			isa = PBXGroup;
			children = (
				AE5CD9E32BA0A21700968F97 /* AlamofireService.swift */,
			);
			path = AlamofireService;
			sourceTree = "<group>";
		};
		AE5CD9EA2BA0A27E00968F97 /* Models */ = {
			isa = PBXGroup;
			children = (
				AE5CD9E82BA0A27900968F97 /* NewsModel.swift */,
			);
			path = Models;
			sourceTree = "<group>";
		};
/* End PBXGroup section */

/* Begin PBXNativeTarget section */
		AE5CD99A2BA0725A00968F97 /* TestTaskInlyIT */ = {
			isa = PBXNativeTarget;
			buildConfigurationList = AE5CD9AF2BA0725B00968F97 /* Build configuration list for PBXNativeTarget "TestTaskInlyIT" */;
			buildPhases = (
				AE5CD9972BA0725A00968F97 /* Sources */,
				AE5CD9982BA0725A00968F97 /* Frameworks */,
				AE5CD9992BA0725A00968F97 /* Resources */,
			);
			buildRules = (
			);
			dependencies = (
			);
			name = TestTaskInlyIT;
			packageProductDependencies = (
				AE5CD9C42BA08B6E00968F97 /* SnapKit */,
				AE5CD9C62BA08B6E00968F97 /* SnapKit-Dynamic */,
				AE5CD9DF2BA0A1F500968F97 /* Alamofire */,
				AE5CD9E12BA0A1F500968F97 /* AlamofireDynamic */,
				AE5CD9EF2BA0A43700968F97 /* Realm */,
				AE5CD9F12BA0A43700968F97 /* RealmSwift */,
				AE037ABE2BA1FD610067ED49 /* Kingfisher */,
			);
			productName = TestTaskInlyIT;
			productReference = AE5CD99B2BA0725A00968F97 /* TestTaskInlyIT.app */;
			productType = "com.apple.product-type.application";
		};
/* End PBXNativeTarget section */

/* Begin PBXProject section */
		AE5CD9932BA0725A00968F97 /* Project object */ = {
			isa = PBXProject;
			attributes = {
				BuildIndependentTargetsInParallel = 1;
				LastSwiftUpdateCheck = 1530;
				LastUpgradeCheck = 1530;
				TargetAttributes = {
					AE5CD99A2BA0725A00968F97 = {
						CreatedOnToolsVersion = 15.3;
					};
				};
			};
			buildConfigurationList = AE5CD9962BA0725A00968F97 /* Build configuration list for PBXProject "TestTaskInlyIT" */;
			compatibilityVersion = "Xcode 14.0";
			developmentRegion = en;
			hasScannedForEncodings = 0;
			knownRegions = (
				en,
				Base,
			);
			mainGroup = AE5CD9922BA0725A00968F97;
			packageReferences = (
				AE5CD9C32BA08B6E00968F97 /* XCRemoteSwiftPackageReference "SnapKit" */,
				AE5CD9DE2BA0A1F500968F97 /* XCRemoteSwiftPackageReference "Alamofire" */,
				AE5CD9EE2BA0A43700968F97 /* XCRemoteSwiftPackageReference "realm-swift" */,
				AE037ABD2BA1FD610067ED49 /* XCRemoteSwiftPackageReference "Kingfisher" */,
			);
			productRefGroup = AE5CD99C2BA0725A00968F97 /* Products */;
			projectDirPath = "";
			projectRoot = "";
			targets = (
				AE5CD99A2BA0725A00968F97 /* TestTaskInlyIT */,
			);
		};
/* End PBXProject section */

/* Begin PBXResourcesBuildPhase section */
		AE5CD9992BA0725A00968F97 /* Resources */ = {
			isa = PBXResourcesBuildPhase;
			buildActionMask = 2147483647;
			files = (
				AE5CD9A82BA0725B00968F97 /* Assets.xcassets in Resources */,
				AE5CD9AB2BA0725B00968F97 /* Base in Resources */,
			);
			runOnlyForDeploymentPostprocessing = 0;
		};
/* End PBXResourcesBuildPhase section */

/* Begin PBXSourcesBuildPhase section */
		AE5CD9972BA0725A00968F97 /* Sources */ = {
			isa = PBXSourcesBuildPhase;
			buildActionMask = 2147483647;
			files = (
				AE5CD9D02BA0990000968F97 /* FavoriteNewsPresenter.swift in Sources */,
				AE5CD9DB2BA09CC000968F97 /* FullNewsRouter.swift in Sources */,
				AE5CD9E42BA0A21700968F97 /* AlamofireService.swift in Sources */,
				AE5CD9A32BA0725A00968F97 /* MainNewsVC.swift in Sources */,
				AE5CD9BE2BA07FF400968F97 /* MainNewsRouter.swift in Sources */,
				AE5CD9BB2BA07FD300968F97 /* MainNewsPresenter.swift in Sources */,
				AE5CD9C92BA0961200968F97 /* FullNewsVC.swift in Sources */,
				AE5CD9D22BA0990C00968F97 /* FavoriteNewsRouter.swift in Sources */,
				AE5CD9D92BA09CAE00968F97 /* FullNewsPresenter.swift in Sources */,
				AE5CD99F2BA0725A00968F97 /* AppDelegate.swift in Sources */,
				AE5CD9B62BA07ED700968F97 /* Router.swift in Sources */,
				AE5CD9E92BA0A27900968F97 /* NewsModel.swift in Sources */,
				AE037AC52BA31B620067ED49 /* KingfisherService.swift in Sources */,
				AE5CD9A12BA0725A00968F97 /* SceneDelegate.swift in Sources */,
				AE037AC12BA2E41D0067ED49 /* RealmService.swift in Sources */,
				AE5CD9C12BA0896D00968F97 /* NewsCell.swift in Sources */,
				AE5CD9D62BA09BA200968F97 /* CustomTabBarController.swift in Sources */,
				AE5CD9B42BA07E5400968F97 /* ModuleBuilder.swift in Sources */,
				AE5CD9CC2BA0989800968F97 /* FavoriteNewsVC.swift in Sources */,
			);
			runOnlyForDeploymentPostprocessing = 0;
		};
/* End PBXSourcesBuildPhase section */

/* Begin PBXVariantGroup section */
		AE5CD9A92BA0725B00968F97 /* LaunchScreen.storyboard */ = {
			isa = PBXVariantGroup;
			children = (
				AE5CD9AA2BA0725B00968F97 /* Base */,
			);
			name = LaunchScreen.storyboard;
			sourceTree = "<group>";
		};
/* End PBXVariantGroup section */

/* Begin XCBuildConfiguration section */
		AE5CD9AD2BA0725B00968F97 /* Debug */ = {
			isa = XCBuildConfiguration;
			buildSettings = {
				ALWAYS_SEARCH_USER_PATHS = NO;
				ASSETCATALOG_COMPILER_GENERATE_SWIFT_ASSET_SYMBOL_EXTENSIONS = YES;
				CLANG_ANALYZER_NONNULL = YES;
				CLANG_ANALYZER_NUMBER_OBJECT_CONVERSION = YES_AGGRESSIVE;
				CLANG_CXX_LANGUAGE_STANDARD = "gnu++20";
				CLANG_ENABLE_MODULES = YES;
				CLANG_ENABLE_OBJC_ARC = YES;
				CLANG_ENABLE_OBJC_WEAK = YES;
				CLANG_WARN_BLOCK_CAPTURE_AUTORELEASING = YES;
				CLANG_WARN_BOOL_CONVERSION = YES;
				CLANG_WARN_COMMA = YES;
				CLANG_WARN_CONSTANT_CONVERSION = YES;
				CLANG_WARN_DEPRECATED_OBJC_IMPLEMENTATIONS = YES;
				CLANG_WARN_DIRECT_OBJC_ISA_USAGE = YES_ERROR;
				CLANG_WARN_DOCUMENTATION_COMMENTS = YES;
				CLANG_WARN_EMPTY_BODY = YES;
				CLANG_WARN_ENUM_CONVERSION = YES;
				CLANG_WARN_INFINITE_RECURSION = YES;
				CLANG_WARN_INT_CONVERSION = YES;
				CLANG_WARN_NON_LITERAL_NULL_CONVERSION = YES;
				CLANG_WARN_OBJC_IMPLICIT_RETAIN_SELF = YES;
				CLANG_WARN_OBJC_LITERAL_CONVERSION = YES;
				CLANG_WARN_OBJC_ROOT_CLASS = YES_ERROR;
				CLANG_WARN_QUOTED_INCLUDE_IN_FRAMEWORK_HEADER = YES;
				CLANG_WARN_RANGE_LOOP_ANALYSIS = YES;
				CLANG_WARN_STRICT_PROTOTYPES = YES;
				CLANG_WARN_SUSPICIOUS_MOVE = YES;
				CLANG_WARN_UNGUARDED_AVAILABILITY = YES_AGGRESSIVE;
				CLANG_WARN_UNREACHABLE_CODE = YES;
				CLANG_WARN__DUPLICATE_METHOD_MATCH = YES;
				COPY_PHASE_STRIP = NO;
				DEBUG_INFORMATION_FORMAT = dwarf;
				ENABLE_STRICT_OBJC_MSGSEND = YES;
				ENABLE_TESTABILITY = YES;
				ENABLE_USER_SCRIPT_SANDBOXING = YES;
				GCC_C_LANGUAGE_STANDARD = gnu17;
				GCC_DYNAMIC_NO_PIC = NO;
				GCC_NO_COMMON_BLOCKS = YES;
				GCC_OPTIMIZATION_LEVEL = 0;
				GCC_PREPROCESSOR_DEFINITIONS = (
					"DEBUG=1",
					"$(inherited)",
				);
				GCC_WARN_64_TO_32_BIT_CONVERSION = YES;
				GCC_WARN_ABOUT_RETURN_TYPE = YES_ERROR;
				GCC_WARN_UNDECLARED_SELECTOR = YES;
				GCC_WARN_UNINITIALIZED_AUTOS = YES_AGGRESSIVE;
				GCC_WARN_UNUSED_FUNCTION = YES;
				GCC_WARN_UNUSED_VARIABLE = YES;
				IPHONEOS_DEPLOYMENT_TARGET = 17.4;
				LOCALIZATION_PREFERS_STRING_CATALOGS = YES;
				MTL_ENABLE_DEBUG_INFO = INCLUDE_SOURCE;
				MTL_FAST_MATH = YES;
				ONLY_ACTIVE_ARCH = YES;
				SDKROOT = iphoneos;
				SWIFT_ACTIVE_COMPILATION_CONDITIONS = "DEBUG $(inherited)";
				SWIFT_OPTIMIZATION_LEVEL = "-Onone";
			};
			name = Debug;
		};
		AE5CD9AE2BA0725B00968F97 /* Release */ = {
			isa = XCBuildConfiguration;
			buildSettings = {
				ALWAYS_SEARCH_USER_PATHS = NO;
				ASSETCATALOG_COMPILER_GENERATE_SWIFT_ASSET_SYMBOL_EXTENSIONS = YES;
				CLANG_ANALYZER_NONNULL = YES;
				CLANG_ANALYZER_NUMBER_OBJECT_CONVERSION = YES_AGGRESSIVE;
				CLANG_CXX_LANGUAGE_STANDARD = "gnu++20";
				CLANG_ENABLE_MODULES = YES;
				CLANG_ENABLE_OBJC_ARC = YES;
				CLANG_ENABLE_OBJC_WEAK = YES;
				CLANG_WARN_BLOCK_CAPTURE_AUTORELEASING = YES;
				CLANG_WARN_BOOL_CONVERSION = YES;
				CLANG_WARN_COMMA = YES;
				CLANG_WARN_CONSTANT_CONVERSION = YES;
				CLANG_WARN_DEPRECATED_OBJC_IMPLEMENTATIONS = YES;
				CLANG_WARN_DIRECT_OBJC_ISA_USAGE = YES_ERROR;
				CLANG_WARN_DOCUMENTATION_COMMENTS = YES;
				CLANG_WARN_EMPTY_BODY = YES;
				CLANG_WARN_ENUM_CONVERSION = YES;
				CLANG_WARN_INFINITE_RECURSION = YES;
				CLANG_WARN_INT_CONVERSION = YES;
				CLANG_WARN_NON_LITERAL_NULL_CONVERSION = YES;
				CLANG_WARN_OBJC_IMPLICIT_RETAIN_SELF = YES;
				CLANG_WARN_OBJC_LITERAL_CONVERSION = YES;
				CLANG_WARN_OBJC_ROOT_CLASS = YES_ERROR;
				CLANG_WARN_QUOTED_INCLUDE_IN_FRAMEWORK_HEADER = YES;
				CLANG_WARN_RANGE_LOOP_ANALYSIS = YES;
				CLANG_WARN_STRICT_PROTOTYPES = YES;
				CLANG_WARN_SUSPICIOUS_MOVE = YES;
				CLANG_WARN_UNGUARDED_AVAILABILITY = YES_AGGRESSIVE;
				CLANG_WARN_UNREACHABLE_CODE = YES;
				CLANG_WARN__DUPLICATE_METHOD_MATCH = YES;
				COPY_PHASE_STRIP = NO;
				DEBUG_INFORMATION_FORMAT = "dwarf-with-dsym";
				ENABLE_NS_ASSERTIONS = NO;
				ENABLE_STRICT_OBJC_MSGSEND = YES;
				ENABLE_USER_SCRIPT_SANDBOXING = YES;
				GCC_C_LANGUAGE_STANDARD = gnu17;
				GCC_NO_COMMON_BLOCKS = YES;
				GCC_WARN_64_TO_32_BIT_CONVERSION = YES;
				GCC_WARN_ABOUT_RETURN_TYPE = YES_ERROR;
				GCC_WARN_UNDECLARED_SELECTOR = YES;
				GCC_WARN_UNINITIALIZED_AUTOS = YES_AGGRESSIVE;
				GCC_WARN_UNUSED_FUNCTION = YES;
				GCC_WARN_UNUSED_VARIABLE = YES;
				IPHONEOS_DEPLOYMENT_TARGET = 17.4;
				LOCALIZATION_PREFERS_STRING_CATALOGS = YES;
				MTL_ENABLE_DEBUG_INFO = NO;
				MTL_FAST_MATH = YES;
				SDKROOT = iphoneos;
				SWIFT_COMPILATION_MODE = wholemodule;
				VALIDATE_PRODUCT = YES;
			};
			name = Release;
		};
		AE5CD9B02BA0725B00968F97 /* Debug */ = {
			isa = XCBuildConfiguration;
			buildSettings = {
				ASSETCATALOG_COMPILER_APPICON_NAME = AppIcon;
				ASSETCATALOG_COMPILER_GLOBAL_ACCENT_COLOR_NAME = AccentColor;
				CODE_SIGN_STYLE = Automatic;
				CURRENT_PROJECT_VERSION = 1;
				DEVELOPMENT_TEAM = NY9SGUADU3;
				GENERATE_INFOPLIST_FILE = YES;
				INFOPLIST_FILE = TestTaskInlyIT/Info.plist;
				INFOPLIST_KEY_UIApplicationSupportsIndirectInputEvents = YES;
				INFOPLIST_KEY_UILaunchStoryboardName = LaunchScreen;
				INFOPLIST_KEY_UISupportedInterfaceOrientations = "UIInterfaceOrientationLandscapeLeft UIInterfaceOrientationLandscapeRight UIInterfaceOrientationPortrait";
				INFOPLIST_KEY_UISupportedInterfaceOrientations_iPad = "UIInterfaceOrientationLandscapeLeft UIInterfaceOrientationLandscapeRight UIInterfaceOrientationPortraitUpsideDown";
				LD_RUNPATH_SEARCH_PATHS = (
					"$(inherited)",
					"@executable_path/Frameworks",
				);
				MARKETING_VERSION = 1.0;
				PRODUCT_BUNDLE_IDENTIFIER = com.artsiomKorenko.TestTaskInlyIT;
				PRODUCT_NAME = "$(TARGET_NAME)";
				SWIFT_EMIT_LOC_STRINGS = YES;
				SWIFT_VERSION = 5.0;
				TARGETED_DEVICE_FAMILY = "1,2";
			};
			name = Debug;
		};
		AE5CD9B12BA0725B00968F97 /* Release */ = {
			isa = XCBuildConfiguration;
			buildSettings = {
				ASSETCATALOG_COMPILER_APPICON_NAME = AppIcon;
				ASSETCATALOG_COMPILER_GLOBAL_ACCENT_COLOR_NAME = AccentColor;
				CODE_SIGN_STYLE = Automatic;
				CURRENT_PROJECT_VERSION = 1;
				DEVELOPMENT_TEAM = NY9SGUADU3;
				GENERATE_INFOPLIST_FILE = YES;
				INFOPLIST_FILE = TestTaskInlyIT/Info.plist;
				INFOPLIST_KEY_UIApplicationSupportsIndirectInputEvents = YES;
				INFOPLIST_KEY_UILaunchStoryboardName = LaunchScreen;
				INFOPLIST_KEY_UISupportedInterfaceOrientations = "UIInterfaceOrientationLandscapeLeft UIInterfaceOrientationLandscapeRight UIInterfaceOrientationPortrait";
				INFOPLIST_KEY_UISupportedInterfaceOrientations_iPad = "UIInterfaceOrientationLandscapeLeft UIInterfaceOrientationLandscapeRight UIInterfaceOrientationPortraitUpsideDown";
				LD_RUNPATH_SEARCH_PATHS = (
					"$(inherited)",
					"@executable_path/Frameworks",
				);
				MARKETING_VERSION = 1.0;
				PRODUCT_BUNDLE_IDENTIFIER = com.artsiomKorenko.TestTaskInlyIT;
				PRODUCT_NAME = "$(TARGET_NAME)";
				SWIFT_EMIT_LOC_STRINGS = YES;
				SWIFT_VERSION = 5.0;
				TARGETED_DEVICE_FAMILY = "1,2";
			};
			name = Release;
		};
/* End XCBuildConfiguration section */

/* Begin XCConfigurationList section */
		AE5CD9962BA0725A00968F97 /* Build configuration list for PBXProject "TestTaskInlyIT" */ = {
			isa = XCConfigurationList;
			buildConfigurations = (
				AE5CD9AD2BA0725B00968F97 /* Debug */,
				AE5CD9AE2BA0725B00968F97 /* Release */,
			);
			defaultConfigurationIsVisible = 0;
			defaultConfigurationName = Release;
		};
		AE5CD9AF2BA0725B00968F97 /* Build configuration list for PBXNativeTarget "TestTaskInlyIT" */ = {
			isa = XCConfigurationList;
			buildConfigurations = (
				AE5CD9B02BA0725B00968F97 /* Debug */,
				AE5CD9B12BA0725B00968F97 /* Release */,
			);
			defaultConfigurationIsVisible = 0;
			defaultConfigurationName = Release;
		};
/* End XCConfigurationList section */

/* Begin XCRemoteSwiftPackageReference section */
		AE037ABD2BA1FD610067ED49 /* XCRemoteSwiftPackageReference "Kingfisher" */ = {
			isa = XCRemoteSwiftPackageReference;
			repositoryURL = "https://github.com/onevcat/Kingfisher.git";
			requirement = {
				kind = upToNextMajorVersion;
				minimumVersion = 7.11.0;
			};
		};
		AE5CD9C32BA08B6E00968F97 /* XCRemoteSwiftPackageReference "SnapKit" */ = {
			isa = XCRemoteSwiftPackageReference;
			repositoryURL = "https://github.com/SnapKit/SnapKit.git";
			requirement = {
				kind = upToNextMajorVersion;
				minimumVersion = 5.7.1;
			};
		};
		AE5CD9DE2BA0A1F500968F97 /* XCRemoteSwiftPackageReference "Alamofire" */ = {
			isa = XCRemoteSwiftPackageReference;
			repositoryURL = "https://github.com/Alamofire/Alamofire.git";
			requirement = {
				kind = upToNextMajorVersion;
				minimumVersion = 5.9.0;
			};
		};
		AE5CD9EE2BA0A43700968F97 /* XCRemoteSwiftPackageReference "realm-swift" */ = {
			isa = XCRemoteSwiftPackageReference;
			repositoryURL = "https://github.com/realm/realm-swift.git";
			requirement = {
				branch = master;
				kind = branch;
			};
		};
/* End XCRemoteSwiftPackageReference section */

/* Begin XCSwiftPackageProductDependency section */
		AE037ABE2BA1FD610067ED49 /* Kingfisher */ = {
			isa = XCSwiftPackageProductDependency;
			package = AE037ABD2BA1FD610067ED49 /* XCRemoteSwiftPackageReference "Kingfisher" */;
			productName = Kingfisher;
		};
		AE5CD9C42BA08B6E00968F97 /* SnapKit */ = {
			isa = XCSwiftPackageProductDependency;
			package = AE5CD9C32BA08B6E00968F97 /* XCRemoteSwiftPackageReference "SnapKit" */;
			productName = SnapKit;
		};
		AE5CD9C62BA08B6E00968F97 /* SnapKit-Dynamic */ = {
			isa = XCSwiftPackageProductDependency;
			package = AE5CD9C32BA08B6E00968F97 /* XCRemoteSwiftPackageReference "SnapKit" */;
			productName = "SnapKit-Dynamic";
		};
		AE5CD9DF2BA0A1F500968F97 /* Alamofire */ = {
			isa = XCSwiftPackageProductDependency;
			package = AE5CD9DE2BA0A1F500968F97 /* XCRemoteSwiftPackageReference "Alamofire" */;
			productName = Alamofire;
		};
		AE5CD9E12BA0A1F500968F97 /* AlamofireDynamic */ = {
			isa = XCSwiftPackageProductDependency;
			package = AE5CD9DE2BA0A1F500968F97 /* XCRemoteSwiftPackageReference "Alamofire" */;
			productName = AlamofireDynamic;
		};
		AE5CD9EF2BA0A43700968F97 /* Realm */ = {
			isa = XCSwiftPackageProductDependency;
			package = AE5CD9EE2BA0A43700968F97 /* XCRemoteSwiftPackageReference "realm-swift" */;
			productName = Realm;
		};
		AE5CD9F12BA0A43700968F97 /* RealmSwift */ = {
			isa = XCSwiftPackageProductDependency;
			package = AE5CD9EE2BA0A43700968F97 /* XCRemoteSwiftPackageReference "realm-swift" */;
			productName = RealmSwift;
		};
/* End XCSwiftPackageProductDependency section */
	};
	rootObject = AE5CD9932BA0725A00968F97 /* Project object */;
}
